
Microsoft Visual Studio Solution File, Format Version 12.00
# Visual Studio Version 17
Project("{8BC9CEB8-8B4A-11D0-8D11-00A0C91BC942}") = "ALL_BUILD", "ALL_BUILD.vcxproj", "{1CB56C1D-053F-3D26-A7C3-16BA66035803}"
	ProjectSection(ProjectDependencies) = postProject
		{EE602E4A-C711-31F9-ACBD-9C8368649CF0} = {EE602E4A-C711-31F9-ACBD-9C8368649CF0}
		{628641BC-C10A-3387-ADB8-BD7AACD9E4F0} = {628641BC-C10A-3387-ADB8-BD7AACD9E4F0}
	EndProjectSection
EndProject
Project("{8BC9CEB8-8B4A-11D0-8D11-00A0C91BC942}") = "NoLeftClickRotation2022", "NoLeftClickRotation2022.vcxproj", "{EE602E4A-C711-31F9-ACBD-9C8368649CF0}"
	ProjectSection(ProjectDependencies) = postProject
		{628641BC-C10A-3387-ADB8-BD7AACD9E4F0} = {628641BC-C10A-3387-ADB8-BD7AACD9E4F0}
	EndProjectSection
EndProject
Project("{8BC9CEB8-8B4A-11D0-8D11-00A0C91BC942}") = "ZERO_CHECK", "ZERO_CHECK.vcxproj", "{628641BC-C10A-3387-ADB8-BD7AACD9E4F0}"
	ProjectSection(ProjectDependencies) = postProject
	EndProjectSection
EndProject
Global
	GlobalSection(SolutionConfigurationPlatforms) = preSolution
		Debug|x64 = Debug|x64
		Release|x64 = Release|x64
		MinSizeRel|x64 = MinSizeRel|x64
		RelWithDebInfo|x64 = RelWithDebInfo|x64
	EndGlobalSection
	GlobalSection(ProjectConfigurationPlatforms) = postSolution
		{1CB56C1D-053F-3D26-A7C3-16BA66035803}.Debug|x64.ActiveCfg = Debug|x64
		{1CB56C1D-053F-3D26-A7C3-16BA66035803}.Release|x64.ActiveCfg = Release|x64
		{1CB56C1D-053F-3D26-A7C3-16BA66035803}.MinSizeRel|x64.ActiveCfg = MinSizeRel|x64
		{1CB56C1D-053F-3D26-A7C3-16BA66035803}.RelWithDebInfo|x64.ActiveCfg = RelWithDebInfo|x64
		{EE602E4A-C711-31F9-ACBD-9C8368649CF0}.Debug|x64.ActiveCfg = Debug|x64
		{EE602E4A-C711-31F9-ACBD-9C8368649CF0}.Debug|x64.Build.0 = Debug|x64
		{EE602E4A-C711-31F9-ACBD-9C8368649CF0}.Release|x64.ActiveCfg = Release|x64
		{EE602E4A-C711-31F9-ACBD-9C8368649CF0}.Release|x64.Build.0 = Release|x64
		{EE602E4A-C711-31F9-ACBD-9C8368649CF0}.MinSizeRel|x64.ActiveCfg = MinSizeRel|x64
		{EE602E4A-C711-31F9-ACBD-9C8368649CF0}.MinSizeRel|x64.Build.0 = MinSizeRel|x64
		{EE602E4A-C711-31F9-ACBD-9C8368649CF0}.RelWithDebInfo|x64.ActiveCfg = RelWithDebInfo|x64
		{EE602E4A-C711-31F9-ACBD-9C8368649CF0}.RelWithDebInfo|x64.Build.0 = RelWithDebInfo|x64
		{628641BC-C10A-3387-ADB8-BD7AACD9E4F0}.Debug|x64.ActiveCfg = Debug|x64
		{628641BC-C10A-3387-ADB8-BD7AACD9E4F0}.Debug|x64.Build.0 = Debug|x64
		{628641BC-C10A-3387-ADB8-BD7AACD9E4F0}.Release|x64.ActiveCfg = Release|x64
		{628641BC-C10A-3387-ADB8-BD7AACD9E4F0}.Release|x64.Build.0 = Release|x64
		{628641BC-C10A-3387-ADB8-BD7AACD9E4F0}.MinSizeRel|x64.ActiveCfg = MinSizeRel|x64
		{628641BC-C10A-3387-ADB8-BD7AACD9E4F0}.MinSizeRel|x64.Build.0 = MinSizeRel|x64
		{628641BC-C10A-3387-ADB8-BD7AACD9E4F0}.RelWithDebInfo|x64.ActiveCfg = RelWithDebInfo|x64
		{628641BC-C10A-3387-ADB8-BD7AACD9E4F0}.RelWithDebInfo|x64.Build.0 = RelWithDebInfo|x64
	EndGlobalSection
	GlobalSection(ExtensibilityGlobals) = postSolution
		SolutionGuid = {25B77704-6928-361E-88CE-106378E0C52A}
	EndGlobalSection
	GlobalSection(ExtensibilityAddIns) = postSolution
	EndGlobalSection
EndGlobal
