<?xml version="1.0" encoding="utf-8"?>
<Project ToolsVersion="17.0" xmlns="http://schemas.microsoft.com/developer/msbuild/2003">
  <ItemGroup>
    <CustomBuild Include="C:\Users\win10\Desktop\NoLeftClickRotation\source\build_hotkey_bridge\CMakeFiles\b8a632280f6e796be504c21501197baf\generate.stamp.rule">
      <Filter>CMake Rules</Filter>
    </CustomBuild>
  </ItemGroup>
  <ItemGroup>
    <Filter Include="CMake Rules">
      <UniqueIdentifier>{FD763A64-FF4C-3034-9E75-AC9584A03CD8}</UniqueIdentifier>
    </Filter>
  </ItemGroup>
</Project>
